// !$*UTF8*$!
{
	archiveVersion = 1;
	classes = {
	};
	objectVersion = 77;
	objects = {

/* Begin PBXBuildFile section */
		223566832D3C91B2009C5469 /* Launch Screen.storyboard in Resources */ = {isa = PBXBuildFile; fileRef = 223566822D3C91B2009C5469 /* Launch Screen.storyboard */; };
		223566852D3C91CB009C5469 /* README.md in Resources */ = {isa = PBXBuildFile; fileRef = 223566842D3C91CB009C5469 /* README.md */; };
		2235668A2D3C9534009C5469 /* FirebaseAnalytics in Frameworks */ = {isa = PBXBuildFile; productRef = 223566892D3C9534009C5469 /* FirebaseAnalytics */; };
		224DE7292D3CA1C9000FE09B /* FirebaseCore in Frameworks */ = {isa = PBXBuildFile; productRef = 224DE7282D3CA1C9000FE09B /* FirebaseCore */; };
		224DE72B2D3CA1CD000FE09B /* FirebaseMessaging in Frameworks */ = {isa = PBXBuildFile; productRef = 224DE72A2D3CA1CD000FE09B /* FirebaseMessaging */; };
/* End PBXBuildFile section */

/* Begin PBXContainerItemProxy section */
		223566632D3C90E3009C5469 /* PBXContainerItemProxy */ = {
			isa = PBXContainerItemProxy;
			containerPortal = 2235664A2D3C90E2009C5469 /* Project object */;
			proxyType = 1;
			remoteGlobalIDString = 223566512D3C90E2009C5469;
			remoteInfo = WebAppWrapper;
		};
		2235666D2D3C90E3009C5469 /* PBXContainerItemProxy */ = {
			isa = PBXContainerItemProxy;
			containerPortal = 2235664A2D3C90E2009C5469 /* Project object */;
			proxyType = 1;
			remoteGlobalIDString = 223566512D3C90E2009C5469;
			remoteInfo = WebAppWrapper;
		};
/* End PBXContainerItemProxy section */

/* Begin PBXFileReference section */
		223566522D3C90E2009C5469 /* WebAppWrapper.app */ = {isa = PBXFileReference; explicitFileType = wrapper.application; includeInIndex = 0; path = WebAppWrapper.app; sourceTree = BUILT_PRODUCTS_DIR; };
		223566622D3C90E3009C5469 /* WebAppWrapperTests.xctest */ = {isa = PBXFileReference; explicitFileType = wrapper.cfbundle; includeInIndex = 0; path = WebAppWrapperTests.xctest; sourceTree = BUILT_PRODUCTS_DIR; };
		2235666C2D3C90E3009C5469 /* WebAppWrapperUITests.xctest */ = {isa = PBXFileReference; explicitFileType = wrapper.cfbundle; includeInIndex = 0; path = WebAppWrapperUITests.xctest; sourceTree = BUILT_PRODUCTS_DIR; };
		223566822D3C91B2009C5469 /* Launch Screen.storyboard */ = {isa = PBXFileReference; lastKnownFileType = file.storyboard; path = "Launch Screen.storyboard"; sourceTree = "<group>"; };
		223566842D3C91CB009C5469 /* README.md */ = {isa = PBXFileReference; lastKnownFileType = net.daringfireball.markdown; path = README.md; sourceTree = "<group>"; };
/* End PBXFileReference section */

/* Begin PBXFileSystemSynchronizedBuildFileExceptionSet section */
		224DE7342D3CC582000FE09B /* Exceptions for "WebAppWrapper" folder in "WebAppWrapper" target */ = {
			isa = PBXFileSystemSynchronizedBuildFileExceptionSet;
			membershipExceptions = (
				Info.plist,
			);
			target = 223566512D3C90E2009C5469 /* WebAppWrapper */;
		};
		224DE73A2D3D396A000FE09B /* Exceptions for "demo" folder in "WebAppWrapper" target */ = {
			isa = PBXFileSystemSynchronizedBuildFileExceptionSet;
			membershipExceptions = (
				demo1.png,
				demo2.png,
				demo3.png,
				demo4.png,
			);
			target = 223566512D3C90E2009C5469 /* WebAppWrapper */;
		};
/* End PBXFileSystemSynchronizedBuildFileExceptionSet section */

/* Begin PBXFileSystemSynchronizedRootGroup section */
		223566542D3C90E2009C5469 /* WebAppWrapper */ = {
			isa = PBXFileSystemSynchronizedRootGroup;
			exceptions = (
				224DE7342D3CC582000FE09B /* Exceptions for "WebAppWrapper" folder in "WebAppWrapper" target */,
			);
			path = WebAppWrapper;
			sourceTree = "<group>";
		};
		223566652D3C90E3009C5469 /* WebAppWrapperTests */ = {
			isa = PBXFileSystemSynchronizedRootGroup;
			path = WebAppWrapperTests;
			sourceTree = "<group>";
		};
		2235666F2D3C90E3009C5469 /* WebAppWrapperUITests */ = {
			isa = PBXFileSystemSynchronizedRootGroup;
			path = WebAppWrapperUITests;
			sourceTree = "<group>";
		};
		224DE7352D3D393F000FE09B /* demo */ = {
			isa = PBXFileSystemSynchronizedRootGroup;
			exceptions = (
				224DE73A2D3D396A000FE09B /* Exceptions for "demo" folder in "WebAppWrapper" target */,
			);
			path = demo;
			sourceTree = "<group>";
		};
/* End PBXFileSystemSynchronizedRootGroup section */

/* Begin PBXFrameworksBuildPhase section */
		2235664F2D3C90E2009C5469 /* Frameworks */ = {
			isa = PBXFrameworksBuildPhase;
			buildActionMask = 2147483647;
			files = (
				224DE72B2D3CA1CD000FE09B /* FirebaseMessaging in Frameworks */,
				224DE7292D3CA1C9000FE09B /* FirebaseCore in Frameworks */,
				2235668A2D3C9534009C5469 /* FirebaseAnalytics in Frameworks */,
			);
			runOnlyForDeploymentPostprocessing = 0;
		};
		2235665F2D3C90E3009C5469 /* Frameworks */ = {
			isa = PBXFrameworksBuildPhase;
			buildActionMask = 2147483647;
			files = (
			);
			runOnlyForDeploymentPostprocessing = 0;
		};
		223566692D3C90E3009C5469 /* Frameworks */ = {
			isa = PBXFrameworksBuildPhase;
			buildActionMask = 2147483647;
			files = (
			);
			runOnlyForDeploymentPostprocessing = 0;
		};
/* End PBXFrameworksBuildPhase section */

/* Begin PBXGroup section */
		223566492D3C90E2009C5469 = {
			isa = PBXGroup;
			children = (
				224DE7352D3D393F000FE09B /* demo */,
				223566822D3C91B2009C5469 /* Launch Screen.storyboard */,
				223566842D3C91CB009C5469 /* README.md */,
				223566542D3C90E2009C5469 /* WebAppWrapper */,
				223566652D3C90E3009C5469 /* WebAppWrapperTests */,
				2235666F2D3C90E3009C5469 /* WebAppWrapperUITests */,
				224DE7272D3CA1C9000FE09B /* Frameworks */,
				223566532D3C90E2009C5469 /* Products */,
			);
			sourceTree = "<group>";
		};
		223566532D3C90E2009C5469 /* Products */ = {
			isa = PBXGroup;
			children = (
				223566522D3C90E2009C5469 /* WebAppWrapper.app */,
				223566622D3C90E3009C5469 /* WebAppWrapperTests.xctest */,
				2235666C2D3C90E3009C5469 /* WebAppWrapperUITests.xctest */,
			);
			name = Products;
			sourceTree = "<group>";
		};
		224DE7272D3CA1C9000FE09B /* Frameworks */ = {
			isa = PBXGroup;
			children = (
			);
			name = Frameworks;
			sourceTree = "<group>";
		};
/* End PBXGroup section */

/* Begin PBXNativeTarget section */
		223566512D3C90E2009C5469 /* WebAppWrapper */ = {
			isa = PBXNativeTarget;
			buildConfigurationList = 223566762D3C90E3009C5469 /* Build configuration list for PBXNativeTarget "WebAppWrapper" */;
			buildPhases = (
				2235664E2D3C90E2009C5469 /* Sources */,
				2235664F2D3C90E2009C5469 /* Frameworks */,
				223566502D3C90E2009C5469 /* Resources */,
			);
			buildRules = (
			);
			dependencies = (
			);
			fileSystemSynchronizedGroups = (
				223566542D3C90E2009C5469 /* WebAppWrapper */,
				224DE7352D3D393F000FE09B /* demo */,
			);
			name = WebAppWrapper;
			packageProductDependencies = (
				223566892D3C9534009C5469 /* FirebaseAnalytics */,
				224DE7282D3CA1C9000FE09B /* FirebaseCore */,
				224DE72A2D3CA1CD000FE09B /* FirebaseMessaging */,
			);
			productName = WebAppWrapper;
			productReference = 223566522D3C90E2009C5469 /* WebAppWrapper.app */;
			productType = "com.apple.product-type.application";
		};
		223566612D3C90E3009C5469 /* WebAppWrapperTests */ = {
			isa = PBXNativeTarget;
			buildConfigurationList = 223566792D3C90E3009C5469 /* Build configuration list for PBXNativeTarget "WebAppWrapperTests" */;
			buildPhases = (
				2235665E2D3C90E3009C5469 /* Sources */,
				2235665F2D3C90E3009C5469 /* Frameworks */,
				223566602D3C90E3009C5469 /* Resources */,
			);
			buildRules = (
			);
			dependencies = (
				223566642D3C90E3009C5469 /* PBXTargetDependency */,
			);
			fileSystemSynchronizedGroups = (
				223566652D3C90E3009C5469 /* WebAppWrapperTests */,
			);
			name = WebAppWrapperTests;
			packageProductDependencies = (
			);
			productName = WebAppWrapperTests;
			productReference = 223566622D3C90E3009C5469 /* WebAppWrapperTests.xctest */;
			productType = "com.apple.product-type.bundle.unit-test";
		};
		2235666B2D3C90E3009C5469 /* WebAppWrapperUITests */ = {
			isa = PBXNativeTarget;
			buildConfigurationList = 2235667C2D3C90E3009C5469 /* Build configuration list for PBXNativeTarget "WebAppWrapperUITests" */;
			buildPhases = (
				223566682D3C90E3009C5469 /* Sources */,
				223566692D3C90E3009C5469 /* Frameworks */,
				2235666A2D3C90E3009C5469 /* Resources */,
			);
			buildRules = (
			);
			dependencies = (
				2235666E2D3C90E3009C5469 /* PBXTargetDependency */,
			);
			fileSystemSynchronizedGroups = (
				2235666F2D3C90E3009C5469 /* WebAppWrapperUITests */,
			);
			name = WebAppWrapperUITests;
			packageProductDependencies = (
			);
			productName = WebAppWrapperUITests;
			productReference = 2235666C2D3C90E3009C5469 /* WebAppWrapperUITests.xctest */;
			productType = "com.apple.product-type.bundle.ui-testing";
		};
/* End PBXNativeTarget section */

/* Begin PBXProject section */
		2235664A2D3C90E2009C5469 /* Project object */ = {
			isa = PBXProject;
			attributes = {
				BuildIndependentTargetsInParallel = 1;
				LastSwiftUpdateCheck = 1620;
				LastUpgradeCheck = 1620;
				TargetAttributes = {
					223566512D3C90E2009C5469 = {
						CreatedOnToolsVersion = 16.2;
					};
					223566612D3C90E3009C5469 = {
						CreatedOnToolsVersion = 16.2;
						TestTargetID = 223566512D3C90E2009C5469;
					};
					2235666B2D3C90E3009C5469 = {
						CreatedOnToolsVersion = 16.2;
						TestTargetID = 223566512D3C90E2009C5469;
					};
				};
			};
			buildConfigurationList = 2235664D2D3C90E2009C5469 /* Build configuration list for PBXProject "WebAppWrapper" */;
			developmentRegion = en;
			hasScannedForEncodings = 0;
			knownRegions = (
				en,
				Base,
			);
			mainGroup = 223566492D3C90E2009C5469;
			minimizedProjectReferenceProxies = 1;
			packageReferences = (
				223566882D3C9534009C5469 /* XCRemoteSwiftPackageReference "firebase-ios-sdk" */,
			);
			preferredProjectObjectVersion = 77;
			productRefGroup = 223566532D3C90E2009C5469 /* Products */;
			projectDirPath = "";
			projectRoot = "";
			targets = (
				223566512D3C90E2009C5469 /* WebAppWrapper */,
				223566612D3C90E3009C5469 /* WebAppWrapperTests */,
				2235666B2D3C90E3009C5469 /* WebAppWrapperUITests */,
			);
		};
/* End PBXProject section */

/* Begin PBXResourcesBuildPhase section */
		223566502D3C90E2009C5469 /* Resources */ = {
			isa = PBXResourcesBuildPhase;
			buildActionMask = 2147483647;
			files = (
				223566832D3C91B2009C5469 /* Launch Screen.storyboard in Resources */,
				223566852D3C91CB009C5469 /* README.md in Resources */,
			);
			runOnlyForDeploymentPostprocessing = 0;
		};
		223566602D3C90E3009C5469 /* Resources */ = {
			isa = PBXResourcesBuildPhase;
			buildActionMask = 2147483647;
			files = (
			);
			runOnlyForDeploymentPostprocessing = 0;
		};
		2235666A2D3C90E3009C5469 /* Resources */ = {
			isa = PBXResourcesBuildPhase;
			buildActionMask = 2147483647;
			files = (
			);
			runOnlyForDeploymentPostprocessing = 0;
		};
/* End PBXResourcesBuildPhase section */

/* Begin PBXSourcesBuildPhase section */
		2235664E2D3C90E2009C5469 /* Sources */ = {
			isa = PBXSourcesBuildPhase;
			buildActionMask = 2147483647;
			files = (
			);
			runOnlyForDeploymentPostprocessing = 0;
		};
		2235665E2D3C90E3009C5469 /* Sources */ = {
			isa = PBXSourcesBuildPhase;
			buildActionMask = 2147483647;
			files = (
			);
			runOnlyForDeploymentPostprocessing = 0;
		};
		223566682D3C90E3009C5469 /* Sources */ = {
			isa = PBXSourcesBuildPhase;
			buildActionMask = 2147483647;
			files = (
			);
			runOnlyForDeploymentPostprocessing = 0;
		};
/* End PBXSourcesBuildPhase section */

/* Begin PBXTargetDependency section */
		223566642D3C90E3009C5469 /* PBXTargetDependency */ = {
			isa = PBXTargetDependency;
			target = 223566512D3C90E2009C5469 /* WebAppWrapper */;
			targetProxy = 223566632D3C90E3009C5469 /* PBXContainerItemProxy */;
		};
		2235666E2D3C90E3009C5469 /* PBXTargetDependency */ = {
			isa = PBXTargetDependency;
			target = 223566512D3C90E2009C5469 /* WebAppWrapper */;
			targetProxy = 2235666D2D3C90E3009C5469 /* PBXContainerItemProxy */;
		};
/* End PBXTargetDependency section */

/* Begin XCBuildConfiguration section */
		223566742D3C90E3009C5469 /* Debug */ = {
			isa = XCBuildConfiguration;
			buildSettings = {
				ALWAYS_SEARCH_USER_PATHS = NO;
				ASSETCATALOG_COMPILER_GENERATE_SWIFT_ASSET_SYMBOL_EXTENSIONS = YES;
				CLANG_ANALYZER_NONNULL = YES;
				CLANG_ANALYZER_NUMBER_OBJECT_CONVERSION = YES_AGGRESSIVE;
				CLANG_CXX_LANGUAGE_STANDARD = "gnu++20";
				CLANG_ENABLE_MODULES = YES;
				CLANG_ENABLE_OBJC_ARC = YES;
				CLANG_ENABLE_OBJC_WEAK = YES;
				CLANG_WARN_BLOCK_CAPTURE_AUTORELEASING = YES;
				CLANG_WARN_BOOL_CONVERSION = YES;
				CLANG_WARN_COMMA = YES;
				CLANG_WARN_CONSTANT_CONVERSION = YES;
				CLANG_WARN_DEPRECATED_OBJC_IMPLEMENTATIONS = YES;
				CLANG_WARN_DIRECT_OBJC_ISA_USAGE = YES_ERROR;
				CLANG_WARN_DOCUMENTATION_COMMENTS = YES;
				CLANG_WARN_EMPTY_BODY = YES;
				CLANG_WARN_ENUM_CONVERSION = YES;
				CLANG_WARN_INFINITE_RECURSION = YES;
				CLANG_WARN_INT_CONVERSION = YES;
				CLANG_WARN_NON_LITERAL_NULL_CONVERSION = YES;
				CLANG_WARN_OBJC_IMPLICIT_RETAIN_SELF = YES;
				CLANG_WARN_OBJC_LITERAL_CONVERSION = YES;
				CLANG_WARN_OBJC_ROOT_CLASS = YES_ERROR;
				CLANG_WARN_QUOTED_INCLUDE_IN_FRAMEWORK_HEADER = YES;
				CLANG_WARN_RANGE_LOOP_ANALYSIS = YES;
				CLANG_WARN_STRICT_PROTOTYPES = YES;
				CLANG_WARN_SUSPICIOUS_MOVE = YES;
				CLANG_WARN_UNGUARDED_AVAILABILITY = YES_AGGRESSIVE;
				CLANG_WARN_UNREACHABLE_CODE = YES;
				CLANG_WARN__DUPLICATE_METHOD_MATCH = YES;
				COPY_PHASE_STRIP = NO;
				DEBUG_INFORMATION_FORMAT = dwarf;
				ENABLE_STRICT_OBJC_MSGSEND = YES;
				ENABLE_TESTABILITY = YES;
				ENABLE_USER_SCRIPT_SANDBOXING = YES;
				GCC_C_LANGUAGE_STANDARD = gnu17;
				GCC_DYNAMIC_NO_PIC = NO;
				GCC_NO_COMMON_BLOCKS = YES;
				GCC_OPTIMIZATION_LEVEL = 0;
				GCC_PREPROCESSOR_DEFINITIONS = (
					"DEBUG=1",
					"$(inherited)",
				);
				GCC_WARN_64_TO_32_BIT_CONVERSION = YES;
				GCC_WARN_ABOUT_RETURN_TYPE = YES_ERROR;
				GCC_WARN_UNDECLARED_SELECTOR = YES;
				GCC_WARN_UNINITIALIZED_AUTOS = YES_AGGRESSIVE;
				GCC_WARN_UNUSED_FUNCTION = YES;
				GCC_WARN_UNUSED_VARIABLE = YES;
				IPHONEOS_DEPLOYMENT_TARGET = 18.2;
				LOCALIZATION_PREFERS_STRING_CATALOGS = YES;
				MTL_ENABLE_DEBUG_INFO = INCLUDE_SOURCE;
				MTL_FAST_MATH = YES;
				ONLY_ACTIVE_ARCH = YES;
				SDKROOT = iphoneos;
				SWIFT_ACTIVE_COMPILATION_CONDITIONS = "DEBUG $(inherited)";
				SWIFT_OPTIMIZATION_LEVEL = "-Onone";
			};
			name = Debug;
		};
		223566752D3C90E3009C5469 /* Release */ = {
			isa = XCBuildConfiguration;
			buildSettings = {
				ALWAYS_SEARCH_USER_PATHS = NO;
				ASSETCATALOG_COMPILER_GENERATE_SWIFT_ASSET_SYMBOL_EXTENSIONS = YES;
				CLANG_ANALYZER_NONNULL = YES;
				CLANG_ANALYZER_NUMBER_OBJECT_CONVERSION = YES_AGGRESSIVE;
				CLANG_CXX_LANGUAGE_STANDARD = "gnu++20";
				CLANG_ENABLE_MODULES = YES;
				CLANG_ENABLE_OBJC_ARC = YES;
				CLANG_ENABLE_OBJC_WEAK = YES;
				CLANG_WARN_BLOCK_CAPTURE_AUTORELEASING = YES;
				CLANG_WARN_BOOL_CONVERSION = YES;
				CLANG_WARN_COMMA = YES;
				CLANG_WARN_CONSTANT_CONVERSION = YES;
				CLANG_WARN_DEPRECATED_OBJC_IMPLEMENTATIONS = YES;
				CLANG_WARN_DIRECT_OBJC_ISA_USAGE = YES_ERROR;
				CLANG_WARN_DOCUMENTATION_COMMENTS = YES;
				CLANG_WARN_EMPTY_BODY = YES;
				CLANG_WARN_ENUM_CONVERSION = YES;
				CLANG_WARN_INFINITE_RECURSION = YES;
				CLANG_WARN_INT_CONVERSION = YES;
				CLANG_WARN_NON_LITERAL_NULL_CONVERSION = YES;
				CLANG_WARN_OBJC_IMPLICIT_RETAIN_SELF = YES;
				CLANG_WARN_OBJC_LITERAL_CONVERSION = YES;
				CLANG_WARN_OBJC_ROOT_CLASS = YES_ERROR;
				CLANG_WARN_QUOTED_INCLUDE_IN_FRAMEWORK_HEADER = YES;
				CLANG_WARN_RANGE_LOOP_ANALYSIS = YES;
				CLANG_WARN_STRICT_PROTOTYPES = YES;
				CLANG_WARN_SUSPICIOUS_MOVE = YES;
				CLANG_WARN_UNGUARDED_AVAILABILITY = YES_AGGRESSIVE;
				CLANG_WARN_UNREACHABLE_CODE = YES;
				CLANG_WARN__DUPLICATE_METHOD_MATCH = YES;
				COPY_PHASE_STRIP = NO;
				DEBUG_INFORMATION_FORMAT = "dwarf-with-dsym";
				ENABLE_NS_ASSERTIONS = NO;
				ENABLE_STRICT_OBJC_MSGSEND = YES;
				ENABLE_USER_SCRIPT_SANDBOXING = YES;
				GCC_C_LANGUAGE_STANDARD = gnu17;
				GCC_NO_COMMON_BLOCKS = YES;
				GCC_WARN_64_TO_32_BIT_CONVERSION = YES;
				GCC_WARN_ABOUT_RETURN_TYPE = YES_ERROR;
				GCC_WARN_UNDECLARED_SELECTOR = YES;
				GCC_WARN_UNINITIALIZED_AUTOS = YES_AGGRESSIVE;
				GCC_WARN_UNUSED_FUNCTION = YES;
				GCC_WARN_UNUSED_VARIABLE = YES;
				IPHONEOS_DEPLOYMENT_TARGET = 18.2;
				LOCALIZATION_PREFERS_STRING_CATALOGS = YES;
				MTL_ENABLE_DEBUG_INFO = NO;
				MTL_FAST_MATH = YES;
				SDKROOT = iphoneos;
				SWIFT_COMPILATION_MODE = wholemodule;
				VALIDATE_PRODUCT = YES;
			};
			name = Release;
		};
		223566772D3C90E3009C5469 /* Debug */ = {
			isa = XCBuildConfiguration;
			buildSettings = {
				ASSETCATALOG_COMPILER_APPICON_NAME = AppIcon;
				ASSETCATALOG_COMPILER_GLOBAL_ACCENT_COLOR_NAME = AccentColor;
				CODE_SIGN_STYLE = Automatic;
				CURRENT_PROJECT_VERSION = 1;
				DEVELOPMENT_ASSET_PATHS = "\"WebAppWrapper/Preview Content\"";
				DEVELOPMENT_TEAM = R455PNH33V;
				ENABLE_PREVIEWS = YES;
				GENERATE_INFOPLIST_FILE = YES;
				INFOPLIST_FILE = WebAppWrapper/Info.plist;
				INFOPLIST_KEY_CFBundleDisplayName = WebApp;
				INFOPLIST_KEY_LSApplicationCategoryType = "";
				INFOPLIST_KEY_UIApplicationSceneManifest_Generation = YES;
				INFOPLIST_KEY_UIApplicationSupportsIndirectInputEvents = YES;
				INFOPLIST_KEY_UILaunchScreen_Generation = YES;
				INFOPLIST_KEY_UIStatusBarHidden = YES;
				INFOPLIST_KEY_UISupportedInterfaceOrientations = "UIInterfaceOrientationLandscapeLeft UIInterfaceOrientationLandscapeRight UIInterfaceOrientationPortrait";
				INFOPLIST_KEY_UISupportedInterfaceOrientations_iPad = "UIInterfaceOrientationLandscapeLeft UIInterfaceOrientationLandscapeRight UIInterfaceOrientationPortrait UIInterfaceOrientationPortraitUpsideDown";
				IPHONEOS_DEPLOYMENT_TARGET = 16.0;
				LD_RUNPATH_SEARCH_PATHS = (
					"$(inherited)",
					"@executable_path/Frameworks",
				);
				MARKETING_VERSION = 1.0;
				PRODUCT_BUNDLE_IDENTIFIER = com.CB2Moon.WebAppWrapper;
				PRODUCT_NAME = "$(TARGET_NAME)";
				SWIFT_EMIT_LOC_STRINGS = YES;
				SWIFT_VERSION = 5.0;
				TARGETED_DEVICE_FAMILY = "1,2";
			};
			name = Debug;
		};
		223566782D3C90E3009C5469 /* Release */ = {
			isa = XCBuildConfiguration;
			buildSettings = {
				ASSETCATALOG_COMPILER_APPICON_NAME = AppIcon;
				ASSETCATALOG_COMPILER_GLOBAL_ACCENT_COLOR_NAME = AccentColor;
				CODE_SIGN_STYLE = Automatic;
				CURRENT_PROJECT_VERSION = 1;
				DEVELOPMENT_ASSET_PATHS = "\"WebAppWrapper/Preview Content\"";
				DEVELOPMENT_TEAM = R455PNH33V;
				ENABLE_PREVIEWS = YES;
				GENERATE_INFOPLIST_FILE = YES;
				INFOPLIST_FILE = WebAppWrapper/Info.plist;
				INFOPLIST_KEY_CFBundleDisplayName = WebApp;
				INFOPLIST_KEY_LSApplicationCategoryType = "";
				INFOPLIST_KEY_UIApplicationSceneManifest_Generation = YES;
				INFOPLIST_KEY_UIApplicationSupportsIndirectInputEvents = YES;
				INFOPLIST_KEY_UILaunchScreen_Generation = YES;
				INFOPLIST_KEY_UIStatusBarHidden = YES;
				INFOPLIST_KEY_UISupportedInterfaceOrientations = "UIInterfaceOrientationLandscapeLeft UIInterfaceOrientationLandscapeRight UIInterfaceOrientationPortrait";
				INFOPLIST_KEY_UISupportedInterfaceOrientations_iPad = "UIInterfaceOrientationLandscapeLeft UIInterfaceOrientationLandscapeRight UIInterfaceOrientationPortrait UIInterfaceOrientationPortraitUpsideDown";
				IPHONEOS_DEPLOYMENT_TARGET = 16.0;
				LD_RUNPATH_SEARCH_PATHS = (
					"$(inherited)",
					"@executable_path/Frameworks",
				);
				MARKETING_VERSION = 1.0;
				PRODUCT_BUNDLE_IDENTIFIER = com.CB2Moon.WebAppWrapper;
				PRODUCT_NAME = "$(TARGET_NAME)";
				SWIFT_EMIT_LOC_STRINGS = YES;
				SWIFT_VERSION = 5.0;
				TARGETED_DEVICE_FAMILY = "1,2";
			};
			name = Release;
		};
		2235667A2D3C90E3009C5469 /* Debug */ = {
			isa = XCBuildConfiguration;
			buildSettings = {
				BUNDLE_LOADER = "$(TEST_HOST)";
				CODE_SIGN_STYLE = Automatic;
				CURRENT_PROJECT_VERSION = 1;
				DEVELOPMENT_TEAM = R455PNH33V;
				GENERATE_INFOPLIST_FILE = YES;
				IPHONEOS_DEPLOYMENT_TARGET = 18.2;
				MARKETING_VERSION = 1.0;
				PRODUCT_BUNDLE_IDENTIFIER = com.CB2Moon.WebAppWrapperTests;
				PRODUCT_NAME = "$(TARGET_NAME)";
				SWIFT_EMIT_LOC_STRINGS = NO;
				SWIFT_VERSION = 5.0;
				TARGETED_DEVICE_FAMILY = "1,2";
				TEST_HOST = "$(BUILT_PRODUCTS_DIR)/WebAppWrapper.app/$(BUNDLE_EXECUTABLE_FOLDER_PATH)/WebAppWrapper";
			};
			name = Debug;
		};
		2235667B2D3C90E3009C5469 /* Release */ = {
			isa = XCBuildConfiguration;
			buildSettings = {
				BUNDLE_LOADER = "$(TEST_HOST)";
				CODE_SIGN_STYLE = Automatic;
				CURRENT_PROJECT_VERSION = 1;
				DEVELOPMENT_TEAM = R455PNH33V;
				GENERATE_INFOPLIST_FILE = YES;
				IPHONEOS_DEPLOYMENT_TARGET = 18.2;
				MARKETING_VERSION = 1.0;
				PRODUCT_BUNDLE_IDENTIFIER = com.CB2Moon.WebAppWrapperTests;
				PRODUCT_NAME = "$(TARGET_NAME)";
				SWIFT_EMIT_LOC_STRINGS = NO;
				SWIFT_VERSION = 5.0;
				TARGETED_DEVICE_FAMILY = "1,2";
				TEST_HOST = "$(BUILT_PRODUCTS_DIR)/WebAppWrapper.app/$(BUNDLE_EXECUTABLE_FOLDER_PATH)/WebAppWrapper";
			};
			name = Release;
		};
		2235667D2D3C90E3009C5469 /* Debug */ = {
			isa = XCBuildConfiguration;
			buildSettings = {
				CODE_SIGN_STYLE = Automatic;
				CURRENT_PROJECT_VERSION = 1;
				DEVELOPMENT_TEAM = R455PNH33V;
				GENERATE_INFOPLIST_FILE = YES;
				MARKETING_VERSION = 1.0;
				PRODUCT_BUNDLE_IDENTIFIER = com.CB2Moon.WebAppWrapperUITests;
				PRODUCT_NAME = "$(TARGET_NAME)";
				SWIFT_EMIT_LOC_STRINGS = NO;
				SWIFT_VERSION = 5.0;
				TARGETED_DEVICE_FAMILY = "1,2";
				TEST_TARGET_NAME = WebAppWrapper;
			};
			name = Debug;
		};
		2235667E2D3C90E3009C5469 /* Release */ = {
			isa = XCBuildConfiguration;
			buildSettings = {
				CODE_SIGN_STYLE = Automatic;
				CURRENT_PROJECT_VERSION = 1;
				DEVELOPMENT_TEAM = R455PNH33V;
				GENERATE_INFOPLIST_FILE = YES;
				MARKETING_VERSION = 1.0;
				PRODUCT_BUNDLE_IDENTIFIER = com.CB2Moon.WebAppWrapperUITests;
				PRODUCT_NAME = "$(TARGET_NAME)";
				SWIFT_EMIT_LOC_STRINGS = NO;
				SWIFT_VERSION = 5.0;
				TARGETED_DEVICE_FAMILY = "1,2";
				TEST_TARGET_NAME = WebAppWrapper;
			};
			name = Release;
		};
/* End XCBuildConfiguration section */

/* Begin XCConfigurationList section */
		2235664D2D3C90E2009C5469 /* Build configuration list for PBXProject "WebAppWrapper" */ = {
			isa = XCConfigurationList;
			buildConfigurations = (
				223566742D3C90E3009C5469 /* Debug */,
				223566752D3C90E3009C5469 /* Release */,
			);
			defaultConfigurationIsVisible = 0;
			defaultConfigurationName = Release;
		};
		223566762D3C90E3009C5469 /* Build configuration list for PBXNativeTarget "WebAppWrapper" */ = {
			isa = XCConfigurationList;
			buildConfigurations = (
				223566772D3C90E3009C5469 /* Debug */,
				223566782D3C90E3009C5469 /* Release */,
			);
			defaultConfigurationIsVisible = 0;
			defaultConfigurationName = Release;
		};
		223566792D3C90E3009C5469 /* Build configuration list for PBXNativeTarget "WebAppWrapperTests" */ = {
			isa = XCConfigurationList;
			buildConfigurations = (
				2235667A2D3C90E3009C5469 /* Debug */,
				2235667B2D3C90E3009C5469 /* Release */,
			);
			defaultConfigurationIsVisible = 0;
			defaultConfigurationName = Release;
		};
		2235667C2D3C90E3009C5469 /* Build configuration list for PBXNativeTarget "WebAppWrapperUITests" */ = {
			isa = XCConfigurationList;
			buildConfigurations = (
				2235667D2D3C90E3009C5469 /* Debug */,
				2235667E2D3C90E3009C5469 /* Release */,
			);
			defaultConfigurationIsVisible = 0;
			defaultConfigurationName = Release;
		};
/* End XCConfigurationList section */

/* Begin XCRemoteSwiftPackageReference section */
		223566882D3C9534009C5469 /* XCRemoteSwiftPackageReference "firebase-ios-sdk" */ = {
			isa = XCRemoteSwiftPackageReference;
			repositoryURL = "https://github.com/firebase/firebase-ios-sdk";
			requirement = {
				kind = upToNextMajorVersion;
				minimumVersion = 11.7.0;
			};
		};
/* End XCRemoteSwiftPackageReference section */

/* Begin XCSwiftPackageProductDependency section */
		223566892D3C9534009C5469 /* FirebaseAnalytics */ = {
			isa = XCSwiftPackageProductDependency;
			package = 223566882D3C9534009C5469 /* XCRemoteSwiftPackageReference "firebase-ios-sdk" */;
			productName = FirebaseAnalytics;
		};
		224DE7282D3CA1C9000FE09B /* FirebaseCore */ = {
			isa = XCSwiftPackageProductDependency;
			package = 223566882D3C9534009C5469 /* XCRemoteSwiftPackageReference "firebase-ios-sdk" */;
			productName = FirebaseCore;
		};
		224DE72A2D3CA1CD000FE09B /* FirebaseMessaging */ = {
			isa = XCSwiftPackageProductDependency;
			package = 223566882D3C9534009C5469 /* XCRemoteSwiftPackageReference "firebase-ios-sdk" */;
			productName = FirebaseMessaging;
		};
/* End XCSwiftPackageProductDependency section */
	};
	rootObject = 2235664A2D3C90E2009C5469 /* Project object */;
}
